lockfileVersion: '9.0'

settings:
  autoInstallPeers: true
  excludeLinksFromLockfile: false

importers:

  .:
    devDependencies:
      '@types/node':
        specifier: 24.3.0
        version: 24.3.0
      typescript:
        specifier: 5.9.3
        version: 5.9.3

  example-agent:
    dependencies:
      '@trytilde/sdk':
        specifier: workspace:*
        version: link:../packages/sdk

  langsmith-agent:
    dependencies:
      '@ai-sdk/openai':
        specifier: ^3.0.112
        version: 3.0.112(zod@4.6.1)
      '@trytilde/sdk':
        specifier: workspace:*
        version: link:../packages/sdk
      ai:
        specifier: ^6.0.280
        version: 6.0.280(zod@4.6.1)
      langsmith:
        specifier: ^0.10.2
        version: 0.10.2(@opentelemetry/api@1.9.1)(@opentelemetry/exporter-trace-otlp-proto@0.222.0(@opentelemetry/api@1.9.1))(@opentelemetry/sdk-trace-base@2.11.0(@opentelemetry/api@1.9.1))
      zod:
        specifier: ^4.6.1
        version: 4.6.1

  packages/agent-avatar:
    devDependencies:
      '@types/react':
        specifier: 19.2.14
        version: 19.2.14
      react:
        specifier: 19.2.8
        version: 19.2.8

  packages/connection-ui:
    dependencies:
      '@base-ui/react':
        specifier: ^1.8.0
        version: 1.8.0(@types/react@19.2.14)(react-dom@19.2.8(react@19.2.8))(react@19.2.8)
      '@fontsource-variable/bricolage-grotesque':
        specifier: ^5.3.0
        version: 5.3.0
      '@fontsource-variable/geist':
        specifier: ^5.3.0
        version: 5.3.0
      '@fontsource-variable/geist-mono':
        specifier: ^5.3.0
        version: 5.3.0
      '@trytilde/sdk':
        specifier: workspace:*
        version: link:../sdk
      class-variance-authority:
        specifier: ^0.7.1
        version: 0.7.1
      cn:
        specifier: ^0.2.6
        version: 0.2.6
      lucide-react:
        specifier: ^1.44.0
        version: 1.44.0(react@19.2.8)
      motion:
        specifier: ^13.2.0
        version: 13.2.0(react-dom@19.2.8(react@19.2.8))(react@19.2.8)
      react-hook-form:
        specifier: ^7.71.2
        version: 7.87.0(react@19.2.8)
      tailwindcss:
        specifier: ^4.3.3
        version: 4.3.3
    devDependencies:
      '@types/react':
        specifier: 19.2.14
        version: 19.2.14
      '@types/react-dom':
        specifier: 19.2.3
        version: 19.2.3(@types/react@19.2.14)
      react:
        specifier: 19.2.8
        version: 19.2.8
      react-dom:
        specifier: 19.2.8
        version: 19.2.8(react@19.2.8)

  packages/sdk:
    dependencies:
      '@bufbuild/protobuf':
        specifier: 2.14.1
        version: 2.14.1
      '@connectrpc/connect':
        specifier: 2.2.0
        version: 2.2.0(@bufbuild/protobuf@2.14.1)
      '@connectrpc/connect-node':
        specifier: 2.2.0
        version: 2.2.0(@bufbuild/protobuf@2.14.1)(@connectrpc/connect@2.2.0(@bufbuild/protobuf@2.14.1))
      '@opentelemetry/api':
        specifier: ^1.9.1
        version: 1.9.1
      '@opentelemetry/core':
        specifier: ^2.11.0
        version: 2.11.0(@opentelemetry/api@1.9.1)
      '@opentelemetry/exporter-trace-otlp-proto':
        specifier: ^0.222.0
        version: 0.222.0(@opentelemetry/api@1.9.1)
      '@opentelemetry/resources':
        specifier: ^2.11.0
        version: 2.11.0(@opentelemetry/api@1.9.1)
      '@opentelemetry/sdk-trace-base':
        specifier: ^2.11.0
        version: 2.11.0(@opentelemetry/api@1.9.1)
      '@opentelemetry/sdk-trace-node':
        specifier: ^2.11.0
        version: 2.11.0(@opentelemetry/api@1.9.1)

packages:

  '@ai-sdk/gateway@3.0.191':
    resolution: {integrity: sha512-7f9h+Vb/kmBTiqj6wtoKZbOuckvnpRp/eoxzYZg0GOAfYkdnixs+8JTGW3+nlHZXza17riNL5FpC0pEuh8aV1Q==}
    engines: {node: '>=18'}
    peerDependencies:
      zod: ^3.25.76 || ^4.1.8

  '@ai-sdk/openai@3.0.112':
    resolution: {integrity: sha512-0ho3a9CJ+3KCcrPdBQx8fX7/gyUxFHsfs1M6++SpunYk8+pgGOPMskr0GVOOxY+94jsJbuGxksKfMuSYhYHcxw==}
    engines: {node: '>=18'}
    peerDependencies:
      zod: ^3.25.76 || ^4.1.8

  '@ai-sdk/provider-utils@4.0.51':
    resolution: {integrity: sha512-ukLTs9x1Xm6lxSIwbJIxYQxbZHmVeIczNntARZrBcOa6pjdBhqeZnATNnJMHa7M9dZ8Ji5NJbpKpvz7o5XyBtg==}
    engines: {node: '>=18.17'}
    peerDependencies:
      zod: ^3.25.76 || ^4.1.8

  '@ai-sdk/provider@3.0.16':
    resolution: {integrity: sha512-9Av6kg0t/IN/dcYAAmEJ4B9OPhcEJqwSR+GfHEA8olRkindXpUHadc3p3cyvgFUQFTVm1G5thtsmgZ9yVb2w3A==}
    engines: {node: '>=18'}

  '@babel/runtime@7.29.7':
    resolution: {integrity: sha512-Nq8OhGWiZIZGV6hLHoyAKLLcJihP/xFeBMGJoUrxTX2psI8dCifzLhZISFb+VWS3wFMRDmCGw5R+dOySCqPLhw==}
    engines: {node: '>=6.9.0'}

  '@base-ui/react@1.8.0':
    resolution: {integrity: sha512-P0/1sxo6SBVZOklKMIedvTWqw2s2IQzi9x5bIVsXu980cuSOD4NeuRSs+/L7LZQfDkZP/uRZyGPyfFl/B1oH+Q==}
    engines: {node: '>=14.0.0'}
    peerDependencies:
      '@date-fns/tz': ^1.2.0
      '@types/react': ^17 || ^18 || ^19
      date-fns: ^4.0.0
      react: ^17 || ^18 || ^19
      react-dom: ^17 || ^18 || ^19
    peerDependenciesMeta:
      '@date-fns/tz':
        optional: true
      '@types/react':
        optional: true
      date-fns:
        optional: true

  '@base-ui/utils@0.4.0':
    resolution: {integrity: sha512-bO9fz25kKtPf+aZVyfQrC0PDmJdmVni31W2hCS5/Owb+inwdIL3XU26pCPRPlt4LSxZrBgLwubXQXQlKaFEZzw==}
    peerDependencies:
      '@types/react': ^17 || ^18 || ^19
      react: ^17 || ^18 || ^19
      react-dom: ^17 || ^18 || ^19
    peerDependenciesMeta:
      '@types/react':
        optional: true

  '@bufbuild/protobuf@2.14.1':
    resolution: {integrity: sha512-agRJn3+EJDUe8AvxTx/LnHA/GErvLE62pSaSk7+MwFOtOv8eWBu/qCq2qoZjBjVZ3C2aiFJCveuSs17KMkYGOw==}

  '@connectrpc/connect-node@2.2.0':
    resolution: {integrity: sha512-E6uUO6e11WdynAuBjuN+0WpHjqxEM9BNDdfDIJHcn49Esg/WxSIbn2y1KFt9XL96IJi01qdBbvubcdpBz1X3Zw==}
    engines: {node: '>=22'}
    peerDependencies:
      '@bufbuild/protobuf': ^2.7.0
      '@connectrpc/connect': 2.2.0

  '@connectrpc/connect@2.2.0':
    resolution: {integrity: sha512-M63OQ1ZFcPUm85CuewJ9G9CMV8LjzGR9935xOnXNQGSazAbwMb3x2W7vXBYM1zqrP7XFD8uxp/dUAhirclgwnQ==}
    peerDependencies:
      '@bufbuild/protobuf': ^2.7.0

  '@floating-ui/core@1.8.0':
    resolution: {integrity: sha512-0CIZ5itps/8x7BG8dEIhs53BvCUH2PCoogtakwRTut+Arm58sJooJ0AuZhLw2HJYIR5cMLNPBSS728sPho2khQ==}

  '@floating-ui/dom@1.8.0':
    resolution: {integrity: sha512-yXSrzeHZBTZadLOlfyhCkJHNeLJnHRnRInwdZ40L7ZiaAtrBwoYlsDrX3v5zB1Utk7CLfzcOVnVVWoXEky7Ceg==}

  '@floating-ui/react-dom@2.1.9':
    resolution: {integrity: sha512-JDjEFGCpImxDCA7JJKviA0M9+RtmJdj0m/NVU5IMgBK+AmZouAQQ7/+2GLH0GXXY0YMw9oXPB8hKdbPYg5QLYg==}
    peerDependencies:
      react: '>=16.8.0'
      react-dom: '>=16.8.0'

  '@floating-ui/utils@0.2.12':
    resolution: {integrity: sha512-HpCo8tmWzLVad5s2d19EhAz5zqrrQ6s69qd6moPMQvkOuSwDT1YgRfWSVuc4ennqrgv3OHppiOGMQ7oC13yIww==}

  '@fontsource-variable/bricolage-grotesque@5.3.0':
    resolution: {integrity: sha512-TLi9Q4hJjS2UvoTMRSS2nHu6c4R56lAw60NR9QYtVRCHn0XtsFpiEhNffZ8Glsoxu6wEEwLKBP8lb94J52PNBA==}

  '@fontsource-variable/geist-mono@5.3.0':
    resolution: {integrity: sha512-vBbuwDEo9AkrqADMXOrlAR3DFcJi4/JxeuU43FoiQERnNwsfXNnvxvReZG02cQKmyk4DZkZdBZX3oTDvy2zBAw==}

  '@fontsource-variable/geist@5.3.0':
    resolution: {integrity: sha512-j0m+vLQuG5XAYoHtGCVu0spvlGreR3EzpECUVzkFmI1mTVnAO38l/NEPDCFgZ177JxzYJCLSmTQibIiYPilGrA==}

  '@opentelemetry/api-logs@0.222.0':
    resolution: {integrity: sha512-9mb1If+IF6u0ZVXkHQ6ogEae5HwA6ajIVUgpSDQyRASxft6BSXHvBvPooRle3yFN/fKnCdSOnuu0OC3PLcF6+g==}
    engines: {node: '>=8.0.0'}

  '@opentelemetry/api@1.9.1':
    resolution: {integrity: sha512-gLyJlPHPZYdAk1JENA9LeHejZe1Ti77/pTeFm/nMXmQH/HFZlcS/O2XJB+L8fkbrNSqhdtlvjBVjxwUYanNH5Q==}
    engines: {node: '>=8.0.0'}

  '@opentelemetry/context-async-hooks@2.11.0':
    resolution: {integrity: sha512-Tr79DyWI8itsBdg+jH+opjfrwLzX+erk1/ExkIwhWoAVjVrJIn2y5+cGjTC0Vy8fyNIA/y8wuJPZwr1T3xCZeQ==}
    engines: {node: ^18.19.0 || >=20.6.0}
    peerDependencies:
      '@opentelemetry/api': '>=1.0.0 <1.10.0'

  '@opentelemetry/core@2.11.0':
    resolution: {integrity: sha512-7YP44XH0tV6+Mb54x2YGf84i7yi+31MBZlE8JwvozkxyTvXbSp10X7cI7YE49ChJ3shMJoBmCJF3+1QFBJctGA==}
    engines: {node: ^18.19.0 || >=20.6.0}
    peerDependencies:
      '@opentelemetry/api': '>=1.0.0 <1.10.0'

  '@opentelemetry/exporter-trace-otlp-proto@0.222.0':
    resolution: {integrity: sha512-imLrLzNhnABJt3tUyT63h6MqfZrG3Gdv3TE7+OUQTvwD088RfCUx3rF01lcgfu2KXBFk13vwi0yKZLvFEalkIA==}
    engines: {node: ^18.19.0 || >=20.6.0}
    peerDependencies:
      '@opentelemetry/api': ^1.3.0

  '@opentelemetry/otlp-exporter-base@0.222.0':
    resolution: {integrity: sha512-YbywG3veEm2Fb6TbdxRkuquWob6eVWXuA8/Ba1tXz9jHfUqpdE3keilOHEtPboC4CvS1bjeeVfNkWGOOrLj+lw==}
    engines: {node: ^18.19.0 || >=20.6.0}
    peerDependencies:
      '@opentelemetry/api': ^1.3.0

  '@opentelemetry/otlp-transformer@0.222.0':
    resolution: {integrity: sha512-/F3BZ89+CJQnZkMh2tCrtcdB+XT2Dxhj4FFE+WPQ//413hmFL0/RfEX6vgOIWGhiSzrkHWTK3+6SiT7K5/g/jQ==}
    engines: {node: ^18.19.0 || >=20.6.0}
    peerDependencies:
      '@opentelemetry/api': ^1.3.0

  '@opentelemetry/resources@2.11.0':
    resolution: {integrity: sha512-Ie7+8q8MDF4FAEQCKVMTx3ReUvxiIAgIiiW3c9JdmP8+HMcDy20puT+AHjexnExgnbvBxjQ9fjkFDWrikJ2jQA==}
    engines: {node: ^18.19.0 || >=20.6.0}
    peerDependencies:
      '@opentelemetry/api': '>=1.3.0 <1.10.0'

  '@opentelemetry/sdk-logs@0.222.0':
    resolution: {integrity: sha512-+19YHODIjaUCArxleaJtuufFZVpz/xvvK+VllQqE+W8hHolxdoRwHfK/s667zezwh1hkx6FFF+oYzetYgqK+Bg==}
    engines: {node: ^18.19.0 || >=20.6.0}
    peerDependencies:
      '@opentelemetry/api': '>=1.4.0 <1.10.0'

  '@opentelemetry/sdk-metrics@2.11.0':
    resolution: {integrity: sha512-7GXXcObyHyDUUSG+L+kJoquty01bzm7ivE7+SSgXXJcHuPzGviptxwARmI2c+bnnxjexGQbJnyNlN8HxBP/Y7A==}
    engines: {node: ^18.19.0 || >=20.6.0}
    peerDependencies:
      '@opentelemetry/api': '>=1.9.0 <1.10.0'

  '@opentelemetry/sdk-trace-base@2.11.0':
    resolution: {integrity: sha512-H19x/TX/LZdqiYOjM7fqtSxwlplC5pgelavqbQdHbhdq0q/AI/TGkM2dfGuuynTXmJPeF2HoZVoPDu+TGoW78A==}
    engines: {node: ^18.19.0 || >=20.6.0}
    peerDependencies:
      '@opentelemetry/api': '>=1.3.0 <1.10.0'

  '@opentelemetry/sdk-trace-node@2.11.0':
    resolution: {integrity: sha512-CuvCMJmZxswhNLlM2LfuLOW3h3fZujA4hsG4B+Sz4dX2zvaXO8Ng74cnDHWD64gLszTlhiG3c0iNUjj4g+0/sA==}
    engines: {node: ^18.19.0 || >=20.6.0}
    peerDependencies:
      '@opentelemetry/api': '>=1.0.0 <1.10.0'

  '@opentelemetry/sdk-trace@2.11.0':
    resolution: {integrity: sha512-fFnTqGm8/G73GQVnxYi7LXa1ZVYEUvgL6XI1LpvV0bPC7WQ/ZGgKxCSl8FnlZBKto9JHHEFTO6s6CUpvvtwFrA==}
    engines: {node: ^18.19.0 || >=20.6.0}
    peerDependencies:
      '@opentelemetry/api': '>=1.3.0 <1.10.0'

  '@opentelemetry/semantic-conventions@1.43.0':
    resolution: {integrity: sha512-eSYWTm620tTk45EKSedaUL8MFYI8hW164hIXsgIHyxu3VobUB3fFCu5t0hQby6OoWRPsG1KkKUG2M5UadiLiVg==}
    engines: {node: '>=14'}

  '@standard-schema/spec@1.1.0':
    resolution: {integrity: sha512-l2aFy5jALhniG5HgqrD6jXLi/rUWrKvqN/qJx6yoJsgKhblVd+iqqU4RCXavm/jPityDo5TCvKMnpjKnOriy0w==}

  '@types/node@24.3.0':
    resolution: {integrity: sha512-aPTXCrfwnDLj4VvXrm+UUCQjNEvJgNA8s5F1cvwQU+3KNltTOkBm1j30uNLyqqPNe7gE3KFzImYoZEfLhp4Yow==}

  '@types/react-dom@19.2.3':
    resolution: {integrity: sha512-jp2L/eY6fn+KgVVQAOqYItbF0VY/YApe5Mz2F0aykSO8gx31bYCZyvSeYxCHKvzHG5eZjc+zyaS5BrBWya2+kQ==}
    peerDependencies:
      '@types/react': ^19.2.0

  '@types/react@19.2.14':
    resolution: {integrity: sha512-ilcTH/UniCkMdtexkoCN0bI7pMcJDvmQFPvuPvmEaYA/NSfFTAgdUSLAoVjaRJm7+6PvcM+q1zYOwS4wTYMF9w==}

  '@vercel/oidc@3.2.0':
    resolution: {integrity: sha512-UycprH3T6n3jH0k44NHMa7pnFHGu/N05MjojYr+Mc6I7obkoLIJujSWwin1pCvdy/eOxrI/l3uDLQsmcrOb4ug==}
    engines: {node: '>= 20'}

  ai@6.0.280:
    resolution: {integrity: sha512-Fx45QI6+HDeqpDQsqNJXxOnH26ye0LRRbrDGNDqlBb9UrqOpkh6Z9mvCtnq2HVSeRWFF8FFtFGMnaUzLAJeA1g==}
    engines: {node: '>=18'}
    peerDependencies:
      zod: ^3.25.76 || ^4.1.8

  class-variance-authority@0.7.1:
    resolution: {integrity: sha512-Ka+9Trutv7G8M6WT6SeiRWz792K5qEqIGEGzXKhAE6xOWAY6pPH8U+9IY3oCMv6kqTmLsv7Xh/2w2RigkePMsg==}

  clsx@2.1.1:
    resolution: {integrity: sha512-eYm0QWBtUrBWZWG0d386OGAw16Z995PiOVo2B7bjWSbHedGl5e0ZWaq65kOGgUSNesEIDkB9ISbTg/JK9dhCZA==}
    engines: {node: '>=6'}

  cn@0.2.6:
    resolution: {integrity: sha512-+i4L0zUGgRcEnhsxueVrP7iBGxBx5iD0WOTYg1MwFEu2ZyCmH5Ov2V1cul2Ht5UchRQQgftCf4be/RxspuW6QQ==}
    engines: {node: '>=20'}
    hasBin: true

  csstype@3.2.3:
    resolution: {integrity: sha512-z1HGKcYy2xA8AGQfwrn0PAy+PB7X/GSj3UVJW9qKyn43xWa+gl5nXmU4qqLMRzWVLFC8KusUX8T/0kCiOYpAIQ==}

  eventemitter3@4.0.7:
    resolution: {integrity: sha512-8guHBZCwKnFhYdHr2ysuRWErTwhoN2X8XELRlrRwpmfeY2jjuUN4taQMsULKUVo1K4DvZl+0pgfyoysHxvmvEw==}

  eventsource-parser@3.1.1:
    resolution: {integrity: sha512-EKN1vKAMcZ8MlYMpaNuxN6R9yakzH6uajHcHVTqWJzvu5pWw9DyhbP35HH8MVBQ+dZjAfDxk+A8NiR9KWaXiyQ==}
    engines: {node: '>=18.0.0'}

  framer-motion@13.2.0:
    resolution: {integrity: sha512-9E33ebgMaO33w1nN/jEdW8z3/GO483fMi4rqbMG9rt83XgW9QLKRe4NcmJ8s+fQ3O34++UHrIQwlIWGIWTITjA==}
    peerDependencies:
      react: ^18.0.0 || ^19.0.0
      react-dom: ^18.0.0 || ^19.0.0
    peerDependenciesMeta:
      react:
        optional: true
      react-dom:
        optional: true

  json-schema@0.4.0:
    resolution: {integrity: sha512-es94M3nTIfsEPisRafak+HDLfHXnKBhV3vU5eqPcS3flIWqcxJWgXHXiey3YrpaNsanY5ei1VoYEbOzijuq9BA==}

  langsmith@0.10.2:
    resolution: {integrity: sha512-9iqIcEPBMlRT+vvijcjCo4AeHlJHUZjxwbPtDdvQPpGgvo7nYxhsQ7jVd53zXkPstiPfjRhexfnIe0vLltVFmg==}
    peerDependencies:
      '@opentelemetry/api': '*'
      '@opentelemetry/exporter-trace-otlp-proto': '*'
      '@opentelemetry/sdk-trace-base': '*'
      openai: '*'
      ws: '>=7'
    peerDependenciesMeta:
      '@opentelemetry/api':
        optional: true
      '@opentelemetry/exporter-trace-otlp-proto':
        optional: true
      '@opentelemetry/sdk-trace-base':
        optional: true
      openai:
        optional: true
      ws:
        optional: true

  lucide-react@1.44.0:
    resolution: {integrity: sha512-2egNApH4hX4j/qdCgRublh88+9u3mEhz9iSlW5ckm4kaQEqZbXbMr0l5u5JZLy8nmWRx2dbHGQkEDYz6C9aCgw==}
    peerDependencies:
      react: ^16.5.1 || ^17.0.0 || ^18.0.0 || ^19.0.0

  motion-dom@13.2.0:
    resolution: {integrity: sha512-N6gdSoWRDk0Rh/fVtlqUtLs+fEN3ELFZI3cn3IQE9Mnf3E+Mh8wjO6MstzCOPFh4Yf0L1as5m2eUyYWj8ylVSQ==}

  motion-utils@13.0.0:
    resolution: {integrity: sha512-7DnN7TmbLcYXcG4RVadXIihWlyuM9afoUww8Y5Agg431kGKiuL2/OMyP4mJ5wLz+pvN3t5ySClLOaVXJ+wekRQ==}

  motion@13.2.0:
    resolution: {integrity: sha512-4Hrb5vD6HhjFstLUiCmWvtpsw+WTpP4R+QXfSDYZBz7+uxE/LrRg3aV0ReJxHrTRffHhbIE6svEqnotngXvesQ==}
    peerDependencies:
      react: ^18.0.0 || ^19.0.0
      react-dom: ^18.0.0 || ^19.0.0
    peerDependenciesMeta:
      react:
        optional: true
      react-dom:
        optional: true

  p-finally@1.0.0:
    resolution: {integrity: sha512-LICb2p9CB7FS+0eR1oqWnHhp0FljGLZCWBE9aix0Uye9W8LTQPwMTYVGWQWIw9RdQiDg4+epXQODwIYJtSJaow==}
    engines: {node: '>=4'}

  p-queue@6.6.2:
    resolution: {integrity: sha512-RwFpb72c/BhQLEXIZ5K2e+AhgNVmIejGlTgiB9MzZ0e93GRvqZ7uSi0dvRF7/XIXDeNkra2fNHBxTyPDGySpjQ==}
    engines: {node: '>=8'}

  p-timeout@3.2.0:
    resolution: {integrity: sha512-rhIwUycgwwKcP9yTOOFK/AKsAopjjCakVqLHePO3CC6Mir1Z99xT+R63jZxAT5lFZLa2inS5h+ZS2GvR99/FBg==}
    engines: {node: '>=8'}

  react-dom@19.2.8:
    resolution: {integrity: sha512-rVprimfGBG3DR+Tq0IQG2DT5PxKth1WIGDmj5yPmlzr4YBe7uyE+Du4oVqTDXZSHGGGXRtTJEGSSePyQCMBglQ==}
    peerDependencies:
      react: ^19.2.8

  react-hook-form@7.87.0:
    resolution: {integrity: sha512-zhFzWvLxNHH+8839OnZcUxgMZw88ah2jZWDWvKWgF3Tpbnd0vKL+dlcuU3nZVWESZQjd81EW8K+wU+cYfYAc0w==}
    engines: {node: '>=18.0.0'}
    peerDependencies:
      react: ^16.8.0 || ^17 || ^18 || ^19

  react@19.2.8:
    resolution: {integrity: sha512-PWaYA1L/q9u2u7xYQi+Y3L3Yfnie7XyLeaJICV1MGD6LprsBxcAqGjYyr0eY3p+QdsA+x/Irkt4Qif8D63+Sbw==}
    engines: {node: '>=0.10.0'}

  reselect@5.3.0:
    resolution: {integrity: sha512-XGoLeRAVzUTcJ1qkxPQhDJyIZ5d6zzZD9nT7AEZOaaU9UbWclhycElmhO+VD5bFeLuzhPBaOV2oXC8uG35ZSpg==}

  scheduler@0.27.0:
    resolution: {integrity: sha512-eNv+WrVbKu1f3vbYJT/xtiF5syA5HPIMtf9IgY/nKg0sWqzAUEvqY/xm7OcZc/qafLx/iO9FgOmeSAp4v5ti/Q==}

  tailwindcss@4.3.3:
    resolution: {integrity: sha512-gOhV3P7ufE62QDGg1zVaTgCR+EtPv92k2nIhVcVKcLmxT1sUBsQGhnZj175j+MqRt4zLF7ic+sCYjfhxMxj7YQ==}

  tslib@2.8.1:
    resolution: {integrity: sha512-oJFu94HQb+KVduSUQL7wnpmqnfmLsOA/nAh6b6EH0wCEoK0/mPeXU6c3wKDV83MkOuHPRHtSXKKU99IBazS/2w==}

  typescript@5.9.3:
    resolution: {integrity: sha512-jl1vZzPDinLr9eUt3J/t7V6FgNEw9QjvBPdysz9KfQDD41fQrC2Y4vKQdiaUpFT4bXlb1RHhLpp8wtm6M5TgSw==}
    engines: {node: '>=14.17'}
    hasBin: true

  undici-types@7.10.0:
    resolution: {integrity: sha512-t5Fy/nfn+14LuOc2KNYg75vZqClpAiqscVvMygNnlsHBFpSXdJaYtXMcdNLpl/Qvc3P2cB3s6lOV51nqsFq4ag==}

  undici@6.28.1:
    resolution: {integrity: sha512-zWpdTVD54H48CIybL0rWQ3ukpb9d23wM7eH5RtfdmeP70cWHNjtfo7P4vZX+5CoDcO53J4Pu5uXp7lNfjc6DRA==}
    engines: {node: '>=18.17'}

  use-sync-external-store@1.7.0:
    resolution: {integrity: sha512-6L+EeigHMQhdaIPNIFUKwfWJSwWFQ8gJbJ2DLOs5sDIegTwR9fRxvnM3uciHKjIZhFz+KAv2emhWMRvDmMcY8A==}
    peerDependencies:
      react: ^16.8.0 || ^17.0.0 || ^18.0.0 || ^19.0.0

  zod@4.6.1:
    resolution: {integrity: sha512-341aRWQsve0rvronKNTqZpjmzdbUDlFuzHaI/XLg/Ej82qffDJRRfBTCuv7+9q/rMjB6LSLyEBnW4InJeMtt/Q==}

snapshots:

  '@ai-sdk/gateway@3.0.191(zod@4.6.1)':
    dependencies:
      '@ai-sdk/provider': 3.0.16
      '@ai-sdk/provider-utils': 4.0.51(zod@4.6.1)
      '@vercel/oidc': 3.2.0
      zod: 4.6.1

  '@ai-sdk/openai@3.0.112(zod@4.6.1)':
    dependencies:
      '@ai-sdk/provider': 3.0.16
      '@ai-sdk/provider-utils': 4.0.51(zod@4.6.1)
      zod: 4.6.1

  '@ai-sdk/provider-utils@4.0.51(zod@4.6.1)':
    dependencies:
      '@ai-sdk/provider': 3.0.16
      '@standard-schema/spec': 1.1.0
      eventsource-parser: 3.1.1
      undici: 6.28.1
      zod: 4.6.1

  '@ai-sdk/provider@3.0.16':
    dependencies:
      json-schema: 0.4.0

  '@babel/runtime@7.29.7': {}

  '@base-ui/react@1.8.0(@types/react@19.2.14)(react-dom@19.2.8(react@19.2.8))(react@19.2.8)':
    dependencies:
      '@babel/runtime': 7.29.7
      '@base-ui/utils': 0.4.0(@types/react@19.2.14)(react-dom@19.2.8(react@19.2.8))(react@19.2.8)
      '@floating-ui/react-dom': 2.1.9(react-dom@19.2.8(react@19.2.8))(react@19.2.8)
      '@floating-ui/utils': 0.2.12
      react: 19.2.8
      react-dom: 19.2.8(react@19.2.8)
      use-sync-external-store: 1.7.0(react@19.2.8)
    optionalDependencies:
      '@types/react': 19.2.14

  '@base-ui/utils@0.4.0(@types/react@19.2.14)(react-dom@19.2.8(react@19.2.8))(react@19.2.8)':
    dependencies:
      '@babel/runtime': 7.29.7
      '@floating-ui/utils': 0.2.12
      react: 19.2.8
      react-dom: 19.2.8(react@19.2.8)
      reselect: 5.3.0
      use-sync-external-store: 1.7.0(react@19.2.8)
    optionalDependencies:
      '@types/react': 19.2.14

  '@bufbuild/protobuf@2.14.1': {}

  '@connectrpc/connect-node@2.2.0(@bufbuild/protobuf@2.14.1)(@connectrpc/connect@2.2.0(@bufbuild/protobuf@2.14.1))':
    dependencies:
      '@bufbuild/protobuf': 2.14.1
      '@connectrpc/connect': 2.2.0(@bufbuild/protobuf@2.14.1)

  '@connectrpc/connect@2.2.0(@bufbuild/protobuf@2.14.1)':
    dependencies:
      '@bufbuild/protobuf': 2.14.1

  '@floating-ui/core@1.8.0':
    dependencies:
      '@floating-ui/utils': 0.2.12

  '@floating-ui/dom@1.8.0':
    dependencies:
      '@floating-ui/core': 1.8.0
      '@floating-ui/utils': 0.2.12

  '@floating-ui/react-dom@2.1.9(react-dom@19.2.8(react@19.2.8))(react@19.2.8)':
    dependencies:
      '@floating-ui/dom': 1.8.0
      react: 19.2.8
      react-dom: 19.2.8(react@19.2.8)

  '@floating-ui/utils@0.2.12': {}

  '@fontsource-variable/bricolage-grotesque@5.3.0': {}

  '@fontsource-variable/geist-mono@5.3.0': {}

  '@fontsource-variable/geist@5.3.0': {}

  '@opentelemetry/api-logs@0.222.0':
    dependencies:
      '@opentelemetry/api': 1.9.1

  '@opentelemetry/api@1.9.1': {}

  '@opentelemetry/context-async-hooks@2.11.0(@opentelemetry/api@1.9.1)':
    dependencies:
      '@opentelemetry/api': 1.9.1

  '@opentelemetry/core@2.11.0(@opentelemetry/api@1.9.1)':
    dependencies:
      '@opentelemetry/api': 1.9.1
      '@opentelemetry/semantic-conventions': 1.43.0

  '@opentelemetry/exporter-trace-otlp-proto@0.222.0(@opentelemetry/api@1.9.1)':
    dependencies:
      '@opentelemetry/api': 1.9.1
      '@opentelemetry/otlp-exporter-base': 0.222.0(@opentelemetry/api@1.9.1)
      '@opentelemetry/otlp-transformer': 0.222.0(@opentelemetry/api@1.9.1)
      '@opentelemetry/sdk-trace': 2.11.0(@opentelemetry/api@1.9.1)

  '@opentelemetry/otlp-exporter-base@0.222.0(@opentelemetry/api@1.9.1)':
    dependencies:
      '@opentelemetry/api': 1.9.1
      '@opentelemetry/core': 2.11.0(@opentelemetry/api@1.9.1)
      '@opentelemetry/otlp-transformer': 0.222.0(@opentelemetry/api@1.9.1)

  '@opentelemetry/otlp-transformer@0.222.0(@opentelemetry/api@1.9.1)':
    dependencies:
      '@opentelemetry/api': 1.9.1
      '@opentelemetry/api-logs': 0.222.0
      '@opentelemetry/core': 2.11.0(@opentelemetry/api@1.9.1)
      '@opentelemetry/resources': 2.11.0(@opentelemetry/api@1.9.1)
      '@opentelemetry/sdk-logs': 0.222.0(@opentelemetry/api@1.9.1)
      '@opentelemetry/sdk-metrics': 2.11.0(@opentelemetry/api@1.9.1)
      '@opentelemetry/sdk-trace': 2.11.0(@opentelemetry/api@1.9.1)

  '@opentelemetry/resources@2.11.0(@opentelemetry/api@1.9.1)':
    dependencies:
      '@opentelemetry/api': 1.9.1
      '@opentelemetry/core': 2.11.0(@opentelemetry/api@1.9.1)
      '@opentelemetry/semantic-conventions': 1.43.0

  '@opentelemetry/sdk-logs@0.222.0(@opentelemetry/api@1.9.1)':
    dependencies:
      '@opentelemetry/api': 1.9.1
      '@opentelemetry/api-logs': 0.222.0
      '@opentelemetry/core': 2.11.0(@opentelemetry/api@1.9.1)
      '@opentelemetry/resources': 2.11.0(@opentelemetry/api@1.9.1)
      '@opentelemetry/semantic-conventions': 1.43.0

  '@opentelemetry/sdk-metrics@2.11.0(@opentelemetry/api@1.9.1)':
    dependencies:
      '@opentelemetry/api': 1.9.1
      '@opentelemetry/core': 2.11.0(@opentelemetry/api@1.9.1)
      '@opentelemetry/resources': 2.11.0(@opentelemetry/api@1.9.1)

  '@opentelemetry/sdk-trace-base@2.11.0(@opentelemetry/api@1.9.1)':
    dependencies:
      '@opentelemetry/api': 1.9.1
      '@opentelemetry/core': 2.11.0(@opentelemetry/api@1.9.1)
      '@opentelemetry/resources': 2.11.0(@opentelemetry/api@1.9.1)
      '@opentelemetry/sdk-trace': 2.11.0(@opentelemetry/api@1.9.1)
      '@opentelemetry/semantic-conventions': 1.43.0

  '@opentelemetry/sdk-trace-node@2.11.0(@opentelemetry/api@1.9.1)':
    dependencies:
      '@opentelemetry/api': 1.9.1
      '@opentelemetry/context-async-hooks': 2.11.0(@opentelemetry/api@1.9.1)
      '@opentelemetry/core': 2.11.0(@opentelemetry/api@1.9.1)
      '@opentelemetry/sdk-trace-base': 2.11.0(@opentelemetry/api@1.9.1)

  '@opentelemetry/sdk-trace@2.11.0(@opentelemetry/api@1.9.1)':
    dependencies:
      '@opentelemetry/api': 1.9.1
      '@opentelemetry/core': 2.11.0(@opentelemetry/api@1.9.1)
      '@opentelemetry/resources': 2.11.0(@opentelemetry/api@1.9.1)
      '@opentelemetry/semantic-conventions': 1.43.0

  '@opentelemetry/semantic-conventions@1.43.0': {}

  '@standard-schema/spec@1.1.0': {}

  '@types/node@24.3.0':
    dependencies:
      undici-types: 7.10.0

  '@types/react-dom@19.2.3(@types/react@19.2.14)':
    dependencies:
      '@types/react': 19.2.14

  '@types/react@19.2.14':
    dependencies:
      csstype: 3.2.3

  '@vercel/oidc@3.2.0': {}

  ai@6.0.280(zod@4.6.1):
    dependencies:
      '@ai-sdk/gateway': 3.0.191(zod@4.6.1)
      '@ai-sdk/provider': 3.0.16
      '@ai-sdk/provider-utils': 4.0.51(zod@4.6.1)
      '@opentelemetry/api': 1.9.1
      zod: 4.6.1

  class-variance-authority@0.7.1:
    dependencies:
      clsx: 2.1.1

  clsx@2.1.1: {}

  cn@0.2.6: {}

  csstype@3.2.3: {}

  eventemitter3@4.0.7: {}

  eventsource-parser@3.1.1: {}

  framer-motion@13.2.0(react-dom@19.2.8(react@19.2.8))(react@19.2.8):
    dependencies:
      motion-dom: 13.2.0
      motion-utils: 13.0.0
      tslib: 2.8.1
    optionalDependencies:
      react: 19.2.8
      react-dom: 19.2.8(react@19.2.8)

  json-schema@0.4.0: {}

  langsmith@0.10.2(@opentelemetry/api@1.9.1)(@opentelemetry/exporter-trace-otlp-proto@0.222.0(@opentelemetry/api@1.9.1))(@opentelemetry/sdk-trace-base@2.11.0(@opentelemetry/api@1.9.1)):
    dependencies:
      p-queue: 6.6.2
    optionalDependencies:
      '@opentelemetry/api': 1.9.1
      '@opentelemetry/exporter-trace-otlp-proto': 0.222.0(@opentelemetry/api@1.9.1)
      '@opentelemetry/sdk-trace-base': 2.11.0(@opentelemetry/api@1.9.1)

  lucide-react@1.44.0(react@19.2.8):
    dependencies:
      react: 19.2.8

  motion-dom@13.2.0:
    dependencies:
      motion-utils: 13.0.0

  motion-utils@13.0.0: {}

  motion@13.2.0(react-dom@19.2.8(react@19.2.8))(react@19.2.8):
    dependencies:
      framer-motion: 13.2.0(react-dom@19.2.8(react@19.2.8))(react@19.2.8)
      tslib: 2.8.1
    optionalDependencies:
      react: 19.2.8
      react-dom: 19.2.8(react@19.2.8)

  p-finally@1.0.0: {}

  p-queue@6.6.2:
    dependencies:
      eventemitter3: 4.0.7
      p-timeout: 3.2.0

  p-timeout@3.2.0:
    dependencies:
      p-finally: 1.0.0

  react-dom@19.2.8(react@19.2.8):
    dependencies:
      react: 19.2.8
      scheduler: 0.27.0

  react-hook-form@7.87.0(react@19.2.8):
    dependencies:
      react: 19.2.8

  react@19.2.8: {}

  reselect@5.3.0: {}

  scheduler@0.27.0: {}

  tailwindcss@4.3.3: {}

  tslib@2.8.1: {}

  typescript@5.9.3: {}

  undici-types@7.10.0: {}

  undici@6.28.1: {}

  use-sync-external-store@1.7.0(react@19.2.8):
    dependencies:
      react: 19.2.8

  zod@4.6.1: {}
